
Microsoft Visual Studio Solution File, Format Version 10.00
# Visual Studio 2008
Project("{E17AB4A1-DF35-4579-9E91-0CFFBFB6391A}") = "ParadigmShift", "ParadigmShift.ucproj", "{ED8B8388-695B-4D8F-8C9F-ADEE0583A197}"
EndProject
Global
	GlobalSection(SolutionConfigurationPlatforms) = preSolution
		Debug|Win32 = Debug|Win32
		Release|Win32 = Release|Win32
	EndGlobalSection
	GlobalSection(ProjectConfigurationPlatforms) = postSolution
		{ED8B8388-695B-4D8F-8C9F-ADEE0583A197}.Debug|Win32.ActiveCfg = Debug|Win32
		{ED8B8388-695B-4D8F-8C9F-ADEE0583A197}.Debug|Win32.Build.0 = Debug|Win32
		{ED8B8388-695B-4D8F-8C9F-ADEE0583A197}.Release|Win32.ActiveCfg = Release|Win32
		{ED8B8388-695B-4D8F-8C9F-ADEE0583A197}.Release|Win32.Build.0 = Release|Win32
	EndGlobalSection
	GlobalSection(SolutionProperties) = preSolution
		HideSolutionNode = FALSE
	EndGlobalSection
EndGlobal
